dependencies:
- name: fusionauth
  repository: https://bbriggs.github.io/charts
  version: 0.4.2
- name: postgresql
  repository: https://charts.bitnami.com/bitnami
  version: 10.2.0
- name: elasticsearch
  repository: https://charts.bitnami.com/bitnami
  version: 13.0.5
- name: jaeger
  repository: https://jaegertracing.github.io/helm-charts
  version: 0.39.6
- name: grafana
  repository: https://grafana.github.io/helm-charts
  version: 6.1.16
- name: prometheus
  repository: https://prometheus-community.github.io/helm-charts
  version: 13.0.3
digest: sha256:b27af9dce301ba09d8232ff2eeaf467237ac4059b2be159101a382b17c8998c5
generated: "2021-01-11T12:45:31.3233255+03:00"
