
Microsoft Visual Studio Solution File, Format Version 12.00
Project("{FAE04EC0-301F-11D3-BF4B-00C04F79EFBC}") = "Polygon.API", "Polygon.API\Polygon.API.csproj", "{6A76E41E-1F3A-450C-9E46-28F8C84F33C4}"
EndProject
Global
	GlobalSection(SolutionConfigurationPlatforms) = preSolution
		Debug|Any CPU = Debug|Any CPU
		Release|Any CPU = Release|Any CPU
	EndGlobalSection
	GlobalSection(ProjectConfigurationPlatforms) = postSolution
		{6A76E41E-1F3A-450C-9E46-28F8C84F33C4}.Debug|Any CPU.ActiveCfg = Debug|Any CPU
		{6A76E41E-1F3A-450C-9E46-28F8C84F33C4}.Debug|Any CPU.Build.0 = Debug|Any CPU
		{6A76E41E-1F3A-450C-9E46-28F8C84F33C4}.Release|Any CPU.ActiveCfg = Release|Any CPU
		{6A76E41E-1F3A-450C-9E46-28F8C84F33C4}.Release|Any CPU.Build.0 = Release|Any CPU
	EndGlobalSection
EndGlobal
